
Microsoft Visual Studio Solution File, Format Version 12.00
# Visual Studio Version 16
VisualStudioVersion = 16.0.33927.289
MinimumVisualStudioVersion = 10.0.40219.1
Project("{FAE04EC0-301F-11D3-BF4B-00C04F79EFBC}") = "codeasetest4", "codeasetest4\codeasetest4.csproj", "{46D2A40B-E091-4A42-B72B-A3365DFCC2F7}"
EndProject
Global
	GlobalSection(SolutionConfigurationPlatforms) = preSolution
		Debug|Any CPU = Debug|Any CPU
		Release|Any CPU = Release|Any CPU
	EndGlobalSection
	GlobalSection(ProjectConfigurationPlatforms) = postSolution
		{46D2A40B-E091-4A42-B72B-A3365DFCC2F7}.Debug|Any CPU.ActiveCfg = Debug|Any CPU
		{46D2A40B-E091-4A42-B72B-A3365DFCC2F7}.Debug|Any CPU.Build.0 = Debug|Any CPU
		{46D2A40B-E091-4A42-B72B-A3365DFCC2F7}.Release|Any CPU.ActiveCfg = Release|Any CPU
		{46D2A40B-E091-4A42-B72B-A3365DFCC2F7}.Release|Any CPU.Build.0 = Release|Any CPU
	EndGlobalSection
	GlobalSection(SolutionProperties) = preSolution
		HideSolutionNode = FALSE
	EndGlobalSection
	GlobalSection(ExtensibilityGlobals) = postSolution
		SolutionGuid = {33AC43BA-2644-41C2-8A78-453730E89A7F}
	EndGlobalSection
EndGlobal
