
Microsoft Visual Studio Solution File, Format Version 12.00
# Visual Studio Version 16
VisualStudioVersion = 16.0.33927.289
MinimumVisualStudioVersion = 10.0.40219.1
Project("{FAE04EC0-301F-11D3-BF4B-00C04F79EFBC}") = "Casestudy3", "Casestudy3\Casestudy3.csproj", "{FA387526-B6E4-45DC-B123-5EFC3B0DF53C}"
EndProject
Global
	GlobalSection(SolutionConfigurationPlatforms) = preSolution
		Debug|Any CPU = Debug|Any CPU
		Release|Any CPU = Release|Any CPU
	EndGlobalSection
	GlobalSection(ProjectConfigurationPlatforms) = postSolution
		{FA387526-B6E4-45DC-B123-5EFC3B0DF53C}.Debug|Any CPU.ActiveCfg = Debug|Any CPU
		{FA387526-B6E4-45DC-B123-5EFC3B0DF53C}.Debug|Any CPU.Build.0 = Debug|Any CPU
		{FA387526-B6E4-45DC-B123-5EFC3B0DF53C}.Release|Any CPU.ActiveCfg = Release|Any CPU
		{FA387526-B6E4-45DC-B123-5EFC3B0DF53C}.Release|Any CPU.Build.0 = Release|Any CPU
	EndGlobalSection
	GlobalSection(SolutionProperties) = preSolution
		HideSolutionNode = FALSE
	EndGlobalSection
	GlobalSection(ExtensibilityGlobals) = postSolution
		SolutionGuid = {6C15E8A1-BCAA-43C6-B101-5F1266FD1CF3}
	EndGlobalSection
EndGlobal
