
Microsoft Visual Studio Solution File, Format Version 12.00
# Visual Studio Version 16
VisualStudioVersion = 16.0.33927.289
MinimumVisualStudioVersion = 10.0.40219.1
Project("{FAE04EC0-301F-11D3-BF4B-00C04F79EFBC}") = "Casestudy1", "Casestudy1\Casestudy1.csproj", "{811CF1DC-4EB5-439D-B4E0-20465654379C}"
EndProject
Global
	GlobalSection(SolutionConfigurationPlatforms) = preSolution
		Debug|Any CPU = Debug|Any CPU
		Release|Any CPU = Release|Any CPU
	EndGlobalSection
	GlobalSection(ProjectConfigurationPlatforms) = postSolution
		{811CF1DC-4EB5-439D-B4E0-20465654379C}.Debug|Any CPU.ActiveCfg = Debug|Any CPU
		{811CF1DC-4EB5-439D-B4E0-20465654379C}.Debug|Any CPU.Build.0 = Debug|Any CPU
		{811CF1DC-4EB5-439D-B4E0-20465654379C}.Release|Any CPU.ActiveCfg = Release|Any CPU
		{811CF1DC-4EB5-439D-B4E0-20465654379C}.Release|Any CPU.Build.0 = Release|Any CPU
	EndGlobalSection
	GlobalSection(SolutionProperties) = preSolution
		HideSolutionNode = FALSE
	EndGlobalSection
	GlobalSection(ExtensibilityGlobals) = postSolution
		SolutionGuid = {18654433-19FD-43D0-A844-43EE0DF6845B}
	EndGlobalSection
EndGlobal
