
Microsoft Visual Studio Solution File, Format Version 12.00
# Visual Studio Version 16
VisualStudioVersion = 16.0.33927.289
MinimumVisualStudioVersion = 10.0.40219.1
Project("{FAE04EC0-301F-11D3-BF4B-00C04F79EFBC}") = "concession app", "concession app\concession app.csproj", "{698D9072-F222-4FCE-B355-5FCFC4E07931}"
EndProject
Project("{FAE04EC0-301F-11D3-BF4B-00C04F79EFBC}") = "Concession", "Concession\Concession.csproj", "{1481FDAB-BA91-44B6-A761-64F97BBE40BB}"
EndProject
Global
	GlobalSection(SolutionConfigurationPlatforms) = preSolution
		Debug|Any CPU = Debug|Any CPU
		Release|Any CPU = Release|Any CPU
	EndGlobalSection
	GlobalSection(ProjectConfigurationPlatforms) = postSolution
		{698D9072-F222-4FCE-B355-5FCFC4E07931}.Debug|Any CPU.ActiveCfg = Debug|Any CPU
		{698D9072-F222-4FCE-B355-5FCFC4E07931}.Debug|Any CPU.Build.0 = Debug|Any CPU
		{698D9072-F222-4FCE-B355-5FCFC4E07931}.Release|Any CPU.ActiveCfg = Release|Any CPU
		{698D9072-F222-4FCE-B355-5FCFC4E07931}.Release|Any CPU.Build.0 = Release|Any CPU
		{1481FDAB-BA91-44B6-A761-64F97BBE40BB}.Debug|Any CPU.ActiveCfg = Debug|Any CPU
		{1481FDAB-BA91-44B6-A761-64F97BBE40BB}.Debug|Any CPU.Build.0 = Debug|Any CPU
		{1481FDAB-BA91-44B6-A761-64F97BBE40BB}.Release|Any CPU.ActiveCfg = Release|Any CPU
		{1481FDAB-BA91-44B6-A761-64F97BBE40BB}.Release|Any CPU.Build.0 = Release|Any CPU
	EndGlobalSection
	GlobalSection(SolutionProperties) = preSolution
		HideSolutionNode = FALSE
	EndGlobalSection
	GlobalSection(ExtensibilityGlobals) = postSolution
		SolutionGuid = {293CE46B-8D01-4DBE-A586-D4394EDFA056}
	EndGlobalSection
EndGlobal
